
Microsoft Visual Studio Solution File, Format Version 12.00
# Visual Studio 15
VisualStudioVersion = 15.0.28307.1684
MinimumVisualStudioVersion = 10.0.40219.1
Project("{8BC9CEB8-8B4A-11D0-8D11-00A0C91BC942}") = "3-RubanovaValeria-D20", "2-RubanovaValeria-D20\2-RubanovaValeria-D20.vcxproj", "{B5FFA763-9F21-4EE1-9007-89AC6F5047CF}"
EndProject
Project("{8BC9CEB8-8B4A-11D0-8D11-00A0C91BC942}") = "LabDtest", "LabDtest\LabDtest.vcxproj", "{AFA2922E-882D-49D6-9327-0A1EB8CB3725}"
EndProject
Project("{8BC9CEB8-8B4A-11D0-8D11-00A0C91BC942}") = "LabDmain", "LabDmain\LabDmain.vcxproj", "{39EA29C5-DD01-46F3-BA53-7DF76AE62876}"
EndProject
Global
	GlobalSection(SolutionConfigurationPlatforms) = preSolution
		Debug|x64 = Debug|x64
		Debug|x86 = Debug|x86
		Release|x64 = Release|x64
		Release|x86 = Release|x86
	EndGlobalSection
	GlobalSection(ProjectConfigurationPlatforms) = postSolution
		{B5FFA763-9F21-4EE1-9007-89AC6F5047CF}.Debug|x64.ActiveCfg = Debug|x64
		{B5FFA763-9F21-4EE1-9007-89AC6F5047CF}.Debug|x64.Build.0 = Debug|x64
		{B5FFA763-9F21-4EE1-9007-89AC6F5047CF}.Debug|x86.ActiveCfg = Debug|Win32
		{B5FFA763-9F21-4EE1-9007-89AC6F5047CF}.Debug|x86.Build.0 = Debug|Win32
		{B5FFA763-9F21-4EE1-9007-89AC6F5047CF}.Release|x64.ActiveCfg = Release|x64
		{B5FFA763-9F21-4EE1-9007-89AC6F5047CF}.Release|x64.Build.0 = Release|x64
		{B5FFA763-9F21-4EE1-9007-89AC6F5047CF}.Release|x86.ActiveCfg = Release|Win32
		{B5FFA763-9F21-4EE1-9007-89AC6F5047CF}.Release|x86.Build.0 = Release|Win32
		{AFA2922E-882D-49D6-9327-0A1EB8CB3725}.Debug|x64.ActiveCfg = Debug|x64
		{AFA2922E-882D-49D6-9327-0A1EB8CB3725}.Debug|x64.Build.0 = Debug|x64
		{AFA2922E-882D-49D6-9327-0A1EB8CB3725}.Debug|x86.ActiveCfg = Debug|Win32
		{AFA2922E-882D-49D6-9327-0A1EB8CB3725}.Debug|x86.Build.0 = Debug|Win32
		{AFA2922E-882D-49D6-9327-0A1EB8CB3725}.Release|x64.ActiveCfg = Release|x64
		{AFA2922E-882D-49D6-9327-0A1EB8CB3725}.Release|x64.Build.0 = Release|x64
		{AFA2922E-882D-49D6-9327-0A1EB8CB3725}.Release|x86.ActiveCfg = Release|Win32
		{AFA2922E-882D-49D6-9327-0A1EB8CB3725}.Release|x86.Build.0 = Release|Win32
		{39EA29C5-DD01-46F3-BA53-7DF76AE62876}.Debug|x64.ActiveCfg = Debug|x64
		{39EA29C5-DD01-46F3-BA53-7DF76AE62876}.Debug|x64.Build.0 = Debug|x64
		{39EA29C5-DD01-46F3-BA53-7DF76AE62876}.Debug|x86.ActiveCfg = Debug|Win32
		{39EA29C5-DD01-46F3-BA53-7DF76AE62876}.Debug|x86.Build.0 = Debug|Win32
		{39EA29C5-DD01-46F3-BA53-7DF76AE62876}.Release|x64.ActiveCfg = Release|x64
		{39EA29C5-DD01-46F3-BA53-7DF76AE62876}.Release|x64.Build.0 = Release|x64
		{39EA29C5-DD01-46F3-BA53-7DF76AE62876}.Release|x86.ActiveCfg = Release|Win32
		{39EA29C5-DD01-46F3-BA53-7DF76AE62876}.Release|x86.Build.0 = Release|Win32
	EndGlobalSection
	GlobalSection(SolutionProperties) = preSolution
		HideSolutionNode = FALSE
	EndGlobalSection
	GlobalSection(ExtensibilityGlobals) = postSolution
		SolutionGuid = {B98B1318-04AE-4867-9B9A-59575EEA1808}
	EndGlobalSection
EndGlobal
