
Microsoft Visual Studio Solution File, Format Version 12.00
# Visual Studio 15
VisualStudioVersion = 15.0.28307.1684
MinimumVisualStudioVersion = 10.0.40219.1
Project("{8BC9CEB8-8B4A-11D0-8D11-00A0C91BC942}") = "LabA", "LabA\LabA.vcxproj", "{17465C46-6994-435B-9D90-B3B16DD7C13A}"
EndProject
Project("{8BC9CEB8-8B4A-11D0-8D11-00A0C91BC942}") = "laba_tests", "laba_tests\laba_tests.vcxproj", "{11CCC04D-F14F-4C17-8F28-CD712AD0C508}"
EndProject
Global
	GlobalSection(SolutionConfigurationPlatforms) = preSolution
		Debug|x64 = Debug|x64
		Debug|x86 = Debug|x86
		Release|x64 = Release|x64
		Release|x86 = Release|x86
	EndGlobalSection
	GlobalSection(ProjectConfigurationPlatforms) = postSolution
		{17465C46-6994-435B-9D90-B3B16DD7C13A}.Debug|x64.ActiveCfg = Debug|Win32
		{17465C46-6994-435B-9D90-B3B16DD7C13A}.Debug|x64.Build.0 = Debug|Win32
		{17465C46-6994-435B-9D90-B3B16DD7C13A}.Debug|x86.ActiveCfg = Debug|x64
		{17465C46-6994-435B-9D90-B3B16DD7C13A}.Debug|x86.Build.0 = Debug|x64
		{17465C46-6994-435B-9D90-B3B16DD7C13A}.Release|x64.ActiveCfg = Release|x64
		{17465C46-6994-435B-9D90-B3B16DD7C13A}.Release|x64.Build.0 = Release|x64
		{17465C46-6994-435B-9D90-B3B16DD7C13A}.Release|x86.ActiveCfg = Release|Win32
		{17465C46-6994-435B-9D90-B3B16DD7C13A}.Release|x86.Build.0 = Release|Win32
		{11CCC04D-F14F-4C17-8F28-CD712AD0C508}.Debug|x64.ActiveCfg = Debug|Win32
		{11CCC04D-F14F-4C17-8F28-CD712AD0C508}.Debug|x64.Build.0 = Debug|Win32
		{11CCC04D-F14F-4C17-8F28-CD712AD0C508}.Debug|x86.ActiveCfg = Debug|x64
		{11CCC04D-F14F-4C17-8F28-CD712AD0C508}.Debug|x86.Build.0 = Debug|x64
		{11CCC04D-F14F-4C17-8F28-CD712AD0C508}.Release|x64.ActiveCfg = Release|x64
		{11CCC04D-F14F-4C17-8F28-CD712AD0C508}.Release|x64.Build.0 = Release|x64
		{11CCC04D-F14F-4C17-8F28-CD712AD0C508}.Release|x86.ActiveCfg = Release|Win32
		{11CCC04D-F14F-4C17-8F28-CD712AD0C508}.Release|x86.Build.0 = Release|Win32
	EndGlobalSection
	GlobalSection(SolutionProperties) = preSolution
		HideSolutionNode = FALSE
	EndGlobalSection
	GlobalSection(ExtensibilityGlobals) = postSolution
		SolutionGuid = {6C19AFEB-61EE-4A2B-8A06-BC8347E62136}
	EndGlobalSection
EndGlobal
